<?xml version="1.0" encoding="utf-8"?>
<Project ToolsVersion="4.0" xmlns="http://schemas.microsoft.com/developer/msbuild/2003">
  <ItemGroup>
    <Filter Include="Source Files">
      <UniqueIdentifier>{4FC737F1-C7A5-4376-A066-2A32D752A2FF}</UniqueIdentifier>
      <Extensions>cpp;c;cc;cxx;def;odl;idl;hpj;bat;asm;asmx</Extensions>
    </Filter>
    <Filter Include="Header Files">
      <UniqueIdentifier>{93995380-89BD-4b04-88EB-625FBE52EBFB}</UniqueIdentifier>
      <Extensions>h;hh;hpp;hxx;hm;inl;inc;xsd</Extensions>
    </Filter>
    <Filter Include="Resource Files">
      <UniqueIdentifier>{67DA6AB6-F800-4c08-8B7A-83BB121AAD01}</UniqueIdentifier>
      <Extensions>rc;ico;cur;bmp;dlg;rc2;rct;bin;rgs;gif;jpg;jpeg;jpe;resx;tiff;tif;png;wav;mfcribbon-ms</Extensions>
    </Filter>
    <Filter Include="Header Files\World Classes">
      <UniqueIdentifier>{89589d33-25f0-4ba1-ba68-dde91f746e1c}</UniqueIdentifier>
    </Filter>
    <Filter Include="Source Files\World Classes">
      <UniqueIdentifier>{bd3770f5-b790-4c8c-96d5-ce7c52d60bfa}</UniqueIdentifier>
    </Filter>
    <Filter Include="Header Files\Vectors">
      <UniqueIdentifier>{9572c44a-0d82-4441-a359-64d11c684ecc}</UniqueIdentifier>
    </Filter>
    <Filter Include="Header Files\Text">
      <UniqueIdentifier>{2a2cc31d-b9e8-498f-a920-83b6cc6c690a}</UniqueIdentifier>
    </Filter>
    <Filter Include="Source Files\Text">
      <UniqueIdentifier>{be43237c-cb66-49e8-92e1-4f0b2b5f6651}</UniqueIdentifier>
    </Filter>
    <Filter Include="Header Files\Debug">
      <UniqueIdentifier>{debfa308-f341-4770-90c2-f0cbb0bce5f0}</UniqueIdentifier>
    </Filter>
    <Filter Include="Header Files\Entities">
      <UniqueIdentifier>{4c428962-6968-454e-a7a6-03aa676fc6f0}</UniqueIdentifier>
    </Filter>
    <Filter Include="Header Files\Entities\Character Classes">
      <UniqueIdentifier>{3867d0b4-aead-4e55-87a4-4bbb17ab47d6}</UniqueIdentifier>
    </Filter>
    <Filter Include="Source Files\Debug">
      <UniqueIdentifier>{9e52c682-9aec-4dda-87ab-f2645561b1fd}</UniqueIdentifier>
    </Filter>
    <Filter Include="Header Files\Shader">
      <UniqueIdentifier>{648a87dd-b8ad-4c07-a328-b012c8ebbc80}</UniqueIdentifier>
    </Filter>
    <Filter Include="Source Files\Shader">
      <UniqueIdentifier>{691f41d8-5d66-4524-9f6f-ef82aa0f181a}</UniqueIdentifier>
    </Filter>
    <Filter Include="Source Files\Vectors">
      <UniqueIdentifier>{8037ada7-c20b-482b-82e4-74efaa936498}</UniqueIdentifier>
    </Filter>
    <Filter Include="Header Files\Physics">
      <UniqueIdentifier>{ce9d1369-1f96-4398-b548-b5c7c451622a}</UniqueIdentifier>
    </Filter>
    <Filter Include="Header Files\Physics\Collision">
      <UniqueIdentifier>{252a715a-1f2c-4f5c-918c-e1791e1af1ca}</UniqueIdentifier>
    </Filter>
    <Filter Include="Source Files\Physics">
      <UniqueIdentifier>{4f2573ea-22f1-4bfb-afe6-0b9bcff363a3}</UniqueIdentifier>
    </Filter>
    <Filter Include="Source Files\Entities">
      <UniqueIdentifier>{48418f7c-81d2-492e-a50f-5e67a113e464}</UniqueIdentifier>
    </Filter>
  </ItemGroup>
  <ItemGroup>
    <ClCompile Include="Character.cpp">
      <Filter>Source Files\Entities</Filter>
    </ClCompile>
    <ClCompile Include="Player.cpp">
      <Filter>Source Files\Entities</Filter>
    </ClCompile>
    <ClCompile Include="Map.cpp">
      <Filter>Source Files\World Classes</Filter>
    </ClCompile>
    <ClCompile Include="Polygon.cpp">
      <Filter>Source Files\World Classes</Filter>
    </ClCompile>
    <ClCompile Include="Structures.cpp">
      <Filter>Source Files\World Classes</Filter>
    </ClCompile>
    <ClCompile Include="Event Manager.cpp">
      <Filter>Source Files</Filter>
    </ClCompile>
    <ClCompile Include="Followable.cpp">
      <Filter>Source Files</Filter>
    </ClCompile>
    <ClCompile Include="Game.cpp">
      <Filter>Source Files</Filter>
    </ClCompile>
    <ClCompile Include="Main.cpp">
      <Filter>Source Files</Filter>
    </ClCompile>
    <ClCompile Include="Tick Counter.cpp">
      <Filter>Source Files</Filter>
    </ClCompile>
    <ClCompile Include="Utility.cpp">
      <Filter>Source Files</Filter>
    </ClCompile>
    <ClCompile Include="Camera Manager.cpp">
      <Filter>Source Files</Filter>
    </ClCompile>
    <ClCompile Include="Text.cpp">
      <Filter>Source Files\Text</Filter>
    </ClCompile>
    <ClCompile Include="Debug Overlay.cpp">
      <Filter>Source Files\Debug</Filter>
    </ClCompile>
    <ClCompile Include="Shader.cpp">
      <Filter>Source Files\Shader</Filter>
    </ClCompile>
    <ClCompile Include="Shader Manager.cpp">
      <Filter>Source Files\Shader</Filter>
    </ClCompile>
    <ClCompile Include="Font.cpp">
      <Filter>Source Files\Text</Filter>
    </ClCompile>
    <ClCompile Include="FreeType Manager.cpp">
      <Filter>Source Files\Text</Filter>
    </ClCompile>
    <ClCompile Include="Console.cpp">
      <Filter>Source Files\Debug</Filter>
    </ClCompile>
    <ClCompile Include="Entity.cpp">
      <Filter>Source Files\Entities</Filter>
    </ClCompile>
    <ClCompile Include="RigidBody.cpp">
      <Filter>Source Files\Physics</Filter>
    </ClCompile>
    <ClCompile Include="Grid.cpp">
      <Filter>Source Files\World Classes</Filter>
    </ClCompile>
    <ClCompile Include="Physical.cpp">
      <Filter>Source Files\Physics</Filter>
    </ClCompile>
    <ClCompile Include="Manifold.cpp">
      <Filter>Source Files\Physics</Filter>
    </ClCompile>
    <ClCompile Include="Transform.cpp">
      <Filter>Source Files</Filter>
    </ClCompile>
    <ClCompile Include="Vector.cpp">
      <Filter>Source Files\Vectors</Filter>
    </ClCompile>
    <ClCompile Include="Projectile.cpp">
      <Filter>Source Files\Entities</Filter>
    </ClCompile>
    <ClCompile Include="CollisionCallbacksAndCriteria.cpp">
      <Filter>Source Files</Filter>
    </ClCompile>
    <ClCompile Include="Menu.cpp">
      <Filter>Source Files</Filter>
    </ClCompile>
    <ClCompile Include="GameUI.cpp">
      <Filter>Source Files</Filter>
    </ClCompile>
    <ClCompile Include="Rectangle.cpp">
      <Filter>Source Files</Filter>
    </ClCompile>
  </ItemGroup>
  <ItemGroup>
    <ClInclude Include="Character.h">
      <Filter>Header Files\Entities\Character Classes</Filter>
    </ClInclude>
    <ClInclude Include="NPC.h">
      <Filter>Header Files\Entities\Character Classes</Filter>
    </ClInclude>
    <ClInclude Include="Player.h">
      <Filter>Header Files\Entities\Character Classes</Filter>
    </ClInclude>
    <ClInclude Include="Map.h">
      <Filter>Header Files\World Classes</Filter>
    </ClInclude>
    <ClInclude Include="Polygon.h">
      <Filter>Header Files\World Classes</Filter>
    </ClInclude>
    <ClInclude Include="Structures.h">
      <Filter>Header Files\World Classes</Filter>
    </ClInclude>
    <ClInclude Include="Event Manager.h">
      <Filter>Header Files</Filter>
    </ClInclude>
    <ClInclude Include="Game.h">
      <Filter>Header Files</Filter>
    </ClInclude>
    <ClInclude Include="Include.h">
      <Filter>Header Files</Filter>
    </ClInclude>
    <ClInclude Include="QPC.h">
      <Filter>Header Files</Filter>
    </ClInclude>
    <ClInclude Include="Texture Manager.h">
      <Filter>Header Files</Filter>
    </ClInclude>
    <ClInclude Include="Tick Counter.h">
      <Filter>Header Files</Filter>
    </ClInclude>
    <ClInclude Include="Utility.h">
      <Filter>Header Files</Filter>
    </ClInclude>
    <ClInclude Include="Camera Manager.h">
      <Filter>Header Files</Filter>
    </ClInclude>
    <ClInclude Include="Font.h">
      <Filter>Header Files\Text</Filter>
    </ClInclude>
    <ClInclude Include="Text.h">
      <Filter>Header Files\Text</Filter>
    </ClInclude>
    <ClInclude Include="FreeType Manager.h">
      <Filter>Header Files\Text</Filter>
    </ClInclude>
    <ClInclude Include="Debug Overlay.h">
      <Filter>Header Files\Debug</Filter>
    </ClInclude>
    <ClInclude Include="Font Manager.h">
      <Filter>Header Files\Text</Filter>
    </ClInclude>
    <ClInclude Include="Entity.h">
      <Filter>Header Files\Entities</Filter>
    </ClInclude>
    <ClInclude Include="Followable.h">
      <Filter>Header Files\Entities</Filter>
    </ClInclude>
    <ClInclude Include="Vertex.h">
      <Filter>Header Files\Vectors</Filter>
    </ClInclude>
    <ClInclude Include="Null Entity.h">
      <Filter>Header Files\Entities</Filter>
    </ClInclude>
    <ClInclude Include="Shader.h">
      <Filter>Header Files\Shader</Filter>
    </ClInclude>
    <ClInclude Include="Shader Manager.h">
      <Filter>Header Files\Shader</Filter>
    </ClInclude>
    <ClInclude Include="Colour.h">
      <Filter>Header Files</Filter>
    </ClInclude>
    <ClInclude Include="Vector.h">
      <Filter>Header Files\Vectors</Filter>
    </ClInclude>
    <ClInclude Include="Simplex.h">
      <Filter>Header Files\Physics\Collision</Filter>
    </ClInclude>
    <ClInclude Include="GJK.h">
      <Filter>Header Files\Physics\Collision</Filter>
    </ClInclude>
    <ClInclude Include="EPA.h">
      <Filter>Header Files\Physics\Collision</Filter>
    </ClInclude>
    <ClInclude Include="Polytope.h">
      <Filter>Header Files\Physics\Collision</Filter>
    </ClInclude>
    <ClInclude Include="Physical.h">
      <Filter>Header Files\Physics\Collision</Filter>
    </ClInclude>
    <ClInclude Include="Console.h">
      <Filter>Header Files\Debug</Filter>
    </ClInclude>
    <ClInclude Include="GameUI.h">
      <Filter>Header Files</Filter>
    </ClInclude>
    <ClInclude Include="RigidBody.h">
      <Filter>Header Files\Physics</Filter>
    </ClInclude>
    <ClInclude Include="Integrator.h">
      <Filter>Header Files\Physics</Filter>
    </ClInclude>
    <ClInclude Include="State.h">
      <Filter>Header Files\Physics</Filter>
    </ClInclude>
    <ClInclude Include="Transform.h">
      <Filter>Header Files</Filter>
    </ClInclude>
    <ClInclude Include="Texture.h">
      <Filter>Header Files</Filter>
    </ClInclude>
    <ClInclude Include="Grid.h">
      <Filter>Header Files\World Classes</Filter>
    </ClInclude>
    <ClInclude Include="Manifold.h">
      <Filter>Header Files\Physics\Collision</Filter>
    </ClInclude>
    <ClInclude Include="Projectile.h">
      <Filter>Header Files\Entities</Filter>
    </ClInclude>
    <ClInclude Include="CollisionCallbacksAndCriteria.h">
      <Filter>Header Files</Filter>
    </ClInclude>
    <ClInclude Include="Time.h">
      <Filter>Header Files</Filter>
    </ClInclude>
    <ClInclude Include="Menu.h">
      <Filter>Header Files</Filter>
    </ClInclude>
    <ClInclude Include="Rectangle.h">
      <Filter>Header Files</Filter>
    </ClInclude>
    <ClInclude Include="Enemy.h">
      <Filter>Header Files\Entities\Character Classes</Filter>
    </ClInclude>
  </ItemGroup>
</Project>